// !$*UTF8*$!
{
	archiveVersion = 1;
	classes = {
	};
	objectVersion = 56;
	objects = {

/* Begin PBXBuildFile section */
		9315917129CBD2C700EDA3B8 /* LaunchScreen.storyboard in Resources */ = {isa = PBXBuildFile; fileRef = 9315917029CBD2C700EDA3B8 /* LaunchScreen.storyboard */; };
		93175B372A2E99B800C8B635 /* WebViewControllerDelegate.swift in Sources */ = {isa = PBXBuildFile; fileRef = 93175B362A2E99B800C8B635 /* WebViewControllerDelegate.swift */; };
		93175B392A2E9C8500C8B635 /* AuthViewControllerDelegate.swift in Sources */ = {isa = PBXBuildFile; fileRef = 93175B382A2E9C8500C8B635 /* AuthViewControllerDelegate.swift */; };
		93175B4C2A2FDAE900C8B635 /* OAuth2ServiceProtocol.swift in Sources */ = {isa = PBXBuildFile; fileRef = 93175B4B2A2FDAE900C8B635 /* OAuth2ServiceProtocol.swift */; };
		93175B4F2A2FDB2200C8B635 /* OAuthTokenResponseBody.swift in Sources */ = {isa = PBXBuildFile; fileRef = 93175B4E2A2FDB2200C8B635 /* OAuthTokenResponseBody.swift */; };
		93175B522A2FDB7400C8B635 /* OAuth2Service.swift in Sources */ = {isa = PBXBuildFile; fileRef = 93175B512A2FDB7400C8B635 /* OAuth2Service.swift */; };
		93175B562A2FDBB700C8B635 /* Errors.swift in Sources */ = {isa = PBXBuildFile; fileRef = 93175B552A2FDBB700C8B635 /* Errors.swift */; };
		93175B592A2FDC4900C8B635 /* SplashViewController.swift in Sources */ = {isa = PBXBuildFile; fileRef = 93175B582A2FDC4900C8B635 /* SplashViewController.swift */; };
		93175B5B2A2FDC9D00C8B635 /* Date+Extensions.swift in Sources */ = {isa = PBXBuildFile; fileRef = 93175B5A2A2FDC9D00C8B635 /* Date+Extensions.swift */; };
		93311D5229A551C000168151 /* AppDelegate.swift in Sources */ = {isa = PBXBuildFile; fileRef = 93311D5129A551C000168151 /* AppDelegate.swift */; };
		93311D5429A551C000168151 /* SceneDelegate.swift in Sources */ = {isa = PBXBuildFile; fileRef = 93311D5329A551C000168151 /* SceneDelegate.swift */; };
		93311D5629A551C000168151 /* ImagesListViewController.swift in Sources */ = {isa = PBXBuildFile; fileRef = 93311D5529A551C000168151 /* ImagesListViewController.swift */; };
		93311D5B29A551C100168151 /* Assets.xcassets in Resources */ = {isa = PBXBuildFile; fileRef = 93311D5A29A551C100168151 /* Assets.xcassets */; };
		933FA5442A31FE0700376D7D /* ProgressHUD in Frameworks */ = {isa = PBXBuildFile; productRef = 933FA5432A31FE0700376D7D /* ProgressHUD */; };
		933FA5472A38CF1B00376D7D /* UIBlockingProgressHUD.swift in Sources */ = {isa = PBXBuildFile; fileRef = 933FA5462A38CF1B00376D7D /* UIBlockingProgressHUD.swift */; };
		933FA5492A38D17300376D7D /* ProfileService.swift in Sources */ = {isa = PBXBuildFile; fileRef = 933FA5482A38D17300376D7D /* ProfileService.swift */; };
		933FA54B2A38D33C00376D7D /* ProfileImageService.swift in Sources */ = {isa = PBXBuildFile; fileRef = 933FA54A2A38D33C00376D7D /* ProfileImageService.swift */; };
		933FA54E2A38DD7900376D7D /* Kingfisher in Frameworks */ = {isa = PBXBuildFile; productRef = 933FA54D2A38DD7900376D7D /* Kingfisher */; };
		933FA5512A392AAA00376D7D /* SwiftKeychainWrapper in Frameworks */ = {isa = PBXBuildFile; productRef = 933FA5502A392AAA00376D7D /* SwiftKeychainWrapper */; };
		933FA5532A392B6900376D7D /* OAuth2TokenStorage.swift in Sources */ = {isa = PBXBuildFile; fileRef = 933FA5522A392B6900376D7D /* OAuth2TokenStorage.swift */; };
		933FA5562A392CD600376D7D /* TabBarController.swift in Sources */ = {isa = PBXBuildFile; fileRef = 933FA5552A392CD600376D7D /* TabBarController.swift */; };
		933FA5592A3935A500376D7D /* SnapKit in Frameworks */ = {isa = PBXBuildFile; productRef = 933FA5582A3935A500376D7D /* SnapKit */; };
		933FA55B2A3937CD00376D7D /* Profile.swift in Sources */ = {isa = PBXBuildFile; fileRef = 933FA55A2A3937CD00376D7D /* Profile.swift */; };
		933FA55D2A39380700376D7D /* ProfileResult.swift in Sources */ = {isa = PBXBuildFile; fileRef = 933FA55C2A39380700376D7D /* ProfileResult.swift */; };
		933FA55F2A3938BD00376D7D /* ProfileImage.swift in Sources */ = {isa = PBXBuildFile; fileRef = 933FA55E2A3938BD00376D7D /* ProfileImage.swift */; };
		933FA5612A393A1700376D7D /* URL+Extensions.swift in Sources */ = {isa = PBXBuildFile; fileRef = 933FA5602A393A1700376D7D /* URL+Extensions.swift */; };
		933FA5642A393F0500376D7D /* SF-Pro.ttf in Resources */ = {isa = PBXBuildFile; fileRef = 933FA5632A393F0500376D7D /* SF-Pro.ttf */; };
		933FA5662A3942F900376D7D /* Main.storyboard in Resources */ = {isa = PBXBuildFile; fileRef = 933FA5652A3942F900376D7D /* Main.storyboard */; };
		933FA5682A3A1A7F00376D7D /* ImageListService.swift in Sources */ = {isa = PBXBuildFile; fileRef = 933FA5672A3A1A7F00376D7D /* ImageListService.swift */; };
		933FA56A2A3A789900376D7D /* PhotoResult.swift in Sources */ = {isa = PBXBuildFile; fileRef = 933FA5692A3A789900376D7D /* PhotoResult.swift */; };
		933FA56C2A3A78D800376D7D /* Photo.swift in Sources */ = {isa = PBXBuildFile; fileRef = 933FA56B2A3A78D800376D7D /* Photo.swift */; };
		933FA5712A3A911400376D7D /* PhotoLike.swift in Sources */ = {isa = PBXBuildFile; fileRef = 933FA5702A3A911400376D7D /* PhotoLike.swift */; };
		933FA5742A3A969700376D7D /* ImagesListCellDelegate.swift in Sources */ = {isa = PBXBuildFile; fileRef = 933FA5732A3A969700376D7D /* ImagesListCellDelegate.swift */; };
		933FA5782A3A991600376D7D /* Array+Extensions.swift in Sources */ = {isa = PBXBuildFile; fileRef = 933FA5772A3A991600376D7D /* Array+Extensions.swift */; };
		933FA57B2A3A9EE200376D7D /* Resources.swift in Sources */ = {isa = PBXBuildFile; fileRef = 933FA57A2A3A9EE200376D7D /* Resources.swift */; };
		934D91992A2D5AD600C71831 /* Constants.swift in Sources */ = {isa = PBXBuildFile; fileRef = 934D91982A2D5AD600C71831 /* Constants.swift */; };
		934D919B2A2D826700C71831 /* AuthViewController.swift in Sources */ = {isa = PBXBuildFile; fileRef = 934D919A2A2D826700C71831 /* AuthViewController.swift */; };
		934D919E2A2D8CCF00C71831 /* WebViewViewController.swift in Sources */ = {isa = PBXBuildFile; fileRef = 934D919D2A2D8CCF00C71831 /* WebViewViewController.swift */; };
		936CB3A529B96E56000CD56F /* UIColor+Extensions.swift in Sources */ = {isa = PBXBuildFile; fileRef = 936CB3A429B96E56000CD56F /* UIColor+Extensions.swift */; };
		936E800D29CE3F3D00ACBFAD /* ProfileViewController.swift in Sources */ = {isa = PBXBuildFile; fileRef = 936E800C29CE3F3D00ACBFAD /* ProfileViewController.swift */; };
		936FA94729C284B300DC9705 /* ImagesListCell.swift in Sources */ = {isa = PBXBuildFile; fileRef = 936FA94629C284B300DC9705 /* ImagesListCell.swift */; };
		93A1073429F2ABD000D21668 /* SingleImageViewController.swift in Sources */ = {isa = PBXBuildFile; fileRef = 93A1073329F2ABD000D21668 /* SingleImageViewController.swift */; };
		93CFA7762A3B609700506138 /* WebViewPresenter.swift in Sources */ = {isa = PBXBuildFile; fileRef = 93CFA7752A3B609700506138 /* WebViewPresenter.swift */; };
		93CFA7782A3B60C900506138 /* AuthHelper.swift in Sources */ = {isa = PBXBuildFile; fileRef = 93CFA7772A3B60C900506138 /* AuthHelper.swift */; };
		93CFA77A2A3B612600506138 /* AuthHelperProtocol.swift in Sources */ = {isa = PBXBuildFile; fileRef = 93CFA7792A3B612600506138 /* AuthHelperProtocol.swift */; };
		93CFA77D2A3B615600506138 /* WebViewViewControllerProtocol.swift in Sources */ = {isa = PBXBuildFile; fileRef = 93CFA77C2A3B615600506138 /* WebViewViewControllerProtocol.swift */; };
		93CFA77F2A3B617800506138 /* WebViewPresenterProtocol.swift in Sources */ = {isa = PBXBuildFile; fileRef = 93CFA77E2A3B617800506138 /* WebViewPresenterProtocol.swift */; };
		93CFA7812A3B61C000506138 /* WebView.swift in Sources */ = {isa = PBXBuildFile; fileRef = 93CFA7802A3B61C000506138 /* WebView.swift */; };
		93CFA7832A3B63B100506138 /* AuthConfiguration.swift in Sources */ = {isa = PBXBuildFile; fileRef = 93CFA7822A3B63B100506138 /* AuthConfiguration.swift */; };
		93CFA78B2A3B70C800506138 /* WebViewTests.swift in Sources */ = {isa = PBXBuildFile; fileRef = 93CFA78A2A3B70C800506138 /* WebViewTests.swift */; };
		93CFA7932A3B750100506138 /* WebViewPresenterSpy.swift in Sources */ = {isa = PBXBuildFile; fileRef = 93CFA7922A3B750100506138 /* WebViewPresenterSpy.swift */; };
		93CFA7952A3B907500506138 /* WebViewViewControllerSpy.swift in Sources */ = {isa = PBXBuildFile; fileRef = 93CFA7942A3B907500506138 /* WebViewViewControllerSpy.swift */; };
		93CFA7B82A3BAB6200506138 /* ImagesListServiceProtocol.swift in Sources */ = {isa = PBXBuildFile; fileRef = 93CFA7B72A3BAB6200506138 /* ImagesListServiceProtocol.swift */; };
		93CFA7BA2A3BAD1100506138 /* ProfileView.swift in Sources */ = {isa = PBXBuildFile; fileRef = 93CFA7B92A3BAD1100506138 /* ProfileView.swift */; };
		93CFA7BC2A3BADE900506138 /* ProfileViewPresenter.swift in Sources */ = {isa = PBXBuildFile; fileRef = 93CFA7BB2A3BADE900506138 /* ProfileViewPresenter.swift */; };
		93CFA7BF2A3BAE4500506138 /* ProfileViewControllerProtocol.swift in Sources */ = {isa = PBXBuildFile; fileRef = 93CFA7BE2A3BAE4500506138 /* ProfileViewControllerProtocol.swift */; };
		93CFA7C12A3BAE7000506138 /* ProfileViewPresenterProtocol.swift in Sources */ = {isa = PBXBuildFile; fileRef = 93CFA7C02A3BAE7000506138 /* ProfileViewPresenterProtocol.swift */; };
		93CFA7C32A3BAE9300506138 /* SplashWiew.swift in Sources */ = {isa = PBXBuildFile; fileRef = 93CFA7C22A3BAE9300506138 /* SplashWiew.swift */; };
		93CFA7C52A3BB01700506138 /* ImageListPresenter.swift in Sources */ = {isa = PBXBuildFile; fileRef = 93CFA7C42A3BB01700506138 /* ImageListPresenter.swift */; };
		93CFA7C82A3BB05300506138 /* ImagesListViewControllerProtocol.swift in Sources */ = {isa = PBXBuildFile; fileRef = 93CFA7C72A3BB05300506138 /* ImagesListViewControllerProtocol.swift */; };
		93CFA7CA2A3BB07200506138 /* ImagesListPresenterProtocol.swift in Sources */ = {isa = PBXBuildFile; fileRef = 93CFA7C92A3BB07200506138 /* ImagesListPresenterProtocol.swift */; };
		93CFA7EB2A3BB49600506138 /* ProfileViewControllerSpy.swift in Sources */ = {isa = PBXBuildFile; fileRef = 93CFA7EA2A3BB49600506138 /* ProfileViewControllerSpy.swift */; };
		93CFA7ED2A3BB4BA00506138 /* ProfileViewPresenterSpy.swift in Sources */ = {isa = PBXBuildFile; fileRef = 93CFA7EC2A3BB4BA00506138 /* ProfileViewPresenterSpy.swift */; };
		93CFA7F02A3BB4F900506138 /* ProfileImageServiceStub.swift in Sources */ = {isa = PBXBuildFile; fileRef = 93CFA7EF2A3BB4F900506138 /* ProfileImageServiceStub.swift */; };
		93CFA7F22A3BB6C100506138 /* ProfileImageServiceProtocol.swift in Sources */ = {isa = PBXBuildFile; fileRef = 93CFA7F12A3BB6C100506138 /* ProfileImageServiceProtocol.swift */; };
		93CFA7F42A3BB70E00506138 /* ProfileServiceProtocol.swift in Sources */ = {isa = PBXBuildFile; fileRef = 93CFA7F32A3BB70E00506138 /* ProfileServiceProtocol.swift */; };
		93CFA7F52A3BB8C700506138 /* ProfileViewTests.swift in Sources */ = {isa = PBXBuildFile; fileRef = 93CFA7E32A3BB45C00506138 /* ProfileViewTests.swift */; };
		93CFA7F62A3BB8E400506138 /* ImageFeedUITests.swift in Sources */ = {isa = PBXBuildFile; fileRef = 93CFA7AD2A3BA54D00506138 /* ImageFeedUITests.swift */; };
		93CFA7FC2A3BBA5800506138 /* ImagesListViewPresenterSpy.swift in Sources */ = {isa = PBXBuildFile; fileRef = 93CFA7FB2A3BBA5800506138 /* ImagesListViewPresenterSpy.swift */; };
		93CFA7FD2A3BBA8E00506138 /* ImageListViewTests.swift in Sources */ = {isa = PBXBuildFile; fileRef = 93CFA7D22A3BB3B500506138 /* ImageListViewTests.swift */; };
		93CFA7FE2A3BBAB100506138 /* ImagesListViewControllerSpy.swift in Sources */ = {isa = PBXBuildFile; fileRef = 93CFA7F92A3BBA1D00506138 /* ImagesListViewControllerSpy.swift */; };
/* End PBXBuildFile section */

/* Begin PBXContainerItemProxy section */
		93CFA78C2A3B70C800506138 /* PBXContainerItemProxy */ = {
			isa = PBXContainerItemProxy;
			containerPortal = 93311D4629A551C000168151 /* Project object */;
			proxyType = 1;
			remoteGlobalIDString = 93311D4D29A551C000168151;
			remoteInfo = ImageFeed;
		};
		93CFA7A12A3BA34A00506138 /* PBXContainerItemProxy */ = {
			isa = PBXContainerItemProxy;
			containerPortal = 93311D4629A551C000168151 /* Project object */;
			proxyType = 1;
			remoteGlobalIDString = 93311D4D29A551C000168151;
			remoteInfo = ImageFeed;
		};
/* End PBXContainerItemProxy section */

/* Begin PBXFileReference section */
		9315917029CBD2C700EDA3B8 /* LaunchScreen.storyboard */ = {isa = PBXFileReference; lastKnownFileType = file.storyboard; path = LaunchScreen.storyboard; sourceTree = "<group>"; };
		93175B362A2E99B800C8B635 /* WebViewControllerDelegate.swift */ = {isa = PBXFileReference; lastKnownFileType = sourcecode.swift; path = WebViewControllerDelegate.swift; sourceTree = "<group>"; };
		93175B382A2E9C8500C8B635 /* AuthViewControllerDelegate.swift */ = {isa = PBXFileReference; lastKnownFileType = sourcecode.swift; path = AuthViewControllerDelegate.swift; sourceTree = "<group>"; };
		93175B4B2A2FDAE900C8B635 /* OAuth2ServiceProtocol.swift */ = {isa = PBXFileReference; lastKnownFileType = sourcecode.swift; path = OAuth2ServiceProtocol.swift; sourceTree = "<group>"; };
		93175B4E2A2FDB2200C8B635 /* OAuthTokenResponseBody.swift */ = {isa = PBXFileReference; lastKnownFileType = sourcecode.swift; path = OAuthTokenResponseBody.swift; sourceTree = "<group>"; };
		93175B512A2FDB7400C8B635 /* OAuth2Service.swift */ = {isa = PBXFileReference; lastKnownFileType = sourcecode.swift; path = OAuth2Service.swift; sourceTree = "<group>"; };
		93175B552A2FDBB700C8B635 /* Errors.swift */ = {isa = PBXFileReference; lastKnownFileType = sourcecode.swift; path = Errors.swift; sourceTree = "<group>"; };
		93175B582A2FDC4900C8B635 /* SplashViewController.swift */ = {isa = PBXFileReference; lastKnownFileType = sourcecode.swift; path = SplashViewController.swift; sourceTree = "<group>"; };
		93175B5A2A2FDC9D00C8B635 /* Date+Extensions.swift */ = {isa = PBXFileReference; lastKnownFileType = sourcecode.swift; path = "Date+Extensions.swift"; sourceTree = "<group>"; };
		93311D4E29A551C000168151 /* ImageFeed.app */ = {isa = PBXFileReference; explicitFileType = wrapper.application; includeInIndex = 0; path = ImageFeed.app; sourceTree = BUILT_PRODUCTS_DIR; };
		93311D5129A551C000168151 /* AppDelegate.swift */ = {isa = PBXFileReference; lastKnownFileType = sourcecode.swift; path = AppDelegate.swift; sourceTree = "<group>"; };
		93311D5329A551C000168151 /* SceneDelegate.swift */ = {isa = PBXFileReference; lastKnownFileType = sourcecode.swift; path = SceneDelegate.swift; sourceTree = "<group>"; };
		93311D5529A551C000168151 /* ImagesListViewController.swift */ = {isa = PBXFileReference; lastKnownFileType = sourcecode.swift; path = ImagesListViewController.swift; sourceTree = "<group>"; };
		93311D5A29A551C100168151 /* Assets.xcassets */ = {isa = PBXFileReference; lastKnownFileType = folder.assetcatalog; path = Assets.xcassets; sourceTree = "<group>"; };
		93311D5F29A551C100168151 /* Info.plist */ = {isa = PBXFileReference; lastKnownFileType = text.plist.xml; path = Info.plist; sourceTree = "<group>"; };
		933FA5462A38CF1B00376D7D /* UIBlockingProgressHUD.swift */ = {isa = PBXFileReference; lastKnownFileType = sourcecode.swift; path = UIBlockingProgressHUD.swift; sourceTree = "<group>"; };
		933FA5482A38D17300376D7D /* ProfileService.swift */ = {isa = PBXFileReference; lastKnownFileType = sourcecode.swift; path = ProfileService.swift; sourceTree = "<group>"; };
		933FA54A2A38D33C00376D7D /* ProfileImageService.swift */ = {isa = PBXFileReference; lastKnownFileType = sourcecode.swift; path = ProfileImageService.swift; sourceTree = "<group>"; };
		933FA5522A392B6900376D7D /* OAuth2TokenStorage.swift */ = {isa = PBXFileReference; lastKnownFileType = sourcecode.swift; path = OAuth2TokenStorage.swift; sourceTree = "<group>"; };
		933FA5552A392CD600376D7D /* TabBarController.swift */ = {isa = PBXFileReference; lastKnownFileType = sourcecode.swift; path = TabBarController.swift; sourceTree = "<group>"; };
		933FA55A2A3937CD00376D7D /* Profile.swift */ = {isa = PBXFileReference; lastKnownFileType = sourcecode.swift; path = Profile.swift; sourceTree = "<group>"; };
		933FA55C2A39380700376D7D /* ProfileResult.swift */ = {isa = PBXFileReference; lastKnownFileType = sourcecode.swift; path = ProfileResult.swift; sourceTree = "<group>"; };
		933FA55E2A3938BD00376D7D /* ProfileImage.swift */ = {isa = PBXFileReference; lastKnownFileType = sourcecode.swift; path = ProfileImage.swift; sourceTree = "<group>"; };
		933FA5602A393A1700376D7D /* URL+Extensions.swift */ = {isa = PBXFileReference; lastKnownFileType = sourcecode.swift; path = "URL+Extensions.swift"; sourceTree = "<group>"; };
		933FA5632A393F0500376D7D /* SF-Pro.ttf */ = {isa = PBXFileReference; lastKnownFileType = file; path = "SF-Pro.ttf"; sourceTree = "<group>"; };
		933FA5652A3942F900376D7D /* Main.storyboard */ = {isa = PBXFileReference; lastKnownFileType = file.storyboard; path = Main.storyboard; sourceTree = "<group>"; };
		933FA5672A3A1A7F00376D7D /* ImageListService.swift */ = {isa = PBXFileReference; lastKnownFileType = sourcecode.swift; path = ImageListService.swift; sourceTree = "<group>"; };
		933FA5692A3A789900376D7D /* PhotoResult.swift */ = {isa = PBXFileReference; lastKnownFileType = sourcecode.swift; path = PhotoResult.swift; sourceTree = "<group>"; };
		933FA56B2A3A78D800376D7D /* Photo.swift */ = {isa = PBXFileReference; lastKnownFileType = sourcecode.swift; path = Photo.swift; sourceTree = "<group>"; };
		933FA5702A3A911400376D7D /* PhotoLike.swift */ = {isa = PBXFileReference; lastKnownFileType = sourcecode.swift; path = PhotoLike.swift; sourceTree = "<group>"; };
		933FA5732A3A969700376D7D /* ImagesListCellDelegate.swift */ = {isa = PBXFileReference; lastKnownFileType = sourcecode.swift; path = ImagesListCellDelegate.swift; sourceTree = "<group>"; };
		933FA5772A3A991600376D7D /* Array+Extensions.swift */ = {isa = PBXFileReference; lastKnownFileType = sourcecode.swift; path = "Array+Extensions.swift"; sourceTree = "<group>"; };
		933FA57A2A3A9EE200376D7D /* Resources.swift */ = {isa = PBXFileReference; lastKnownFileType = sourcecode.swift; path = Resources.swift; sourceTree = "<group>"; };
		934D91982A2D5AD600C71831 /* Constants.swift */ = {isa = PBXFileReference; lastKnownFileType = sourcecode.swift; path = Constants.swift; sourceTree = "<group>"; };
		934D919A2A2D826700C71831 /* AuthViewController.swift */ = {isa = PBXFileReference; lastKnownFileType = sourcecode.swift; path = AuthViewController.swift; sourceTree = "<group>"; };
		934D919D2A2D8CCF00C71831 /* WebViewViewController.swift */ = {isa = PBXFileReference; lastKnownFileType = sourcecode.swift; path = WebViewViewController.swift; sourceTree = "<group>"; };
		936CB3A429B96E56000CD56F /* UIColor+Extensions.swift */ = {isa = PBXFileReference; lastKnownFileType = sourcecode.swift; path = "UIColor+Extensions.swift"; sourceTree = "<group>"; };
		936E800C29CE3F3D00ACBFAD /* ProfileViewController.swift */ = {isa = PBXFileReference; lastKnownFileType = sourcecode.swift; path = ProfileViewController.swift; sourceTree = "<group>"; };
		936FA94629C284B300DC9705 /* ImagesListCell.swift */ = {isa = PBXFileReference; lastKnownFileType = sourcecode.swift; path = ImagesListCell.swift; sourceTree = "<group>"; };
		93A1073329F2ABD000D21668 /* SingleImageViewController.swift */ = {isa = PBXFileReference; lastKnownFileType = sourcecode.swift; path = SingleImageViewController.swift; sourceTree = "<group>"; };
		93CFA7752A3B609700506138 /* WebViewPresenter.swift */ = {isa = PBXFileReference; lastKnownFileType = sourcecode.swift; path = WebViewPresenter.swift; sourceTree = "<group>"; };
		93CFA7772A3B60C900506138 /* AuthHelper.swift */ = {isa = PBXFileReference; lastKnownFileType = sourcecode.swift; path = AuthHelper.swift; sourceTree = "<group>"; };
		93CFA7792A3B612600506138 /* AuthHelperProtocol.swift */ = {isa = PBXFileReference; lastKnownFileType = sourcecode.swift; path = AuthHelperProtocol.swift; sourceTree = "<group>"; };
		93CFA77C2A3B615600506138 /* WebViewViewControllerProtocol.swift */ = {isa = PBXFileReference; lastKnownFileType = sourcecode.swift; path = WebViewViewControllerProtocol.swift; sourceTree = "<group>"; };
		93CFA77E2A3B617800506138 /* WebViewPresenterProtocol.swift */ = {isa = PBXFileReference; lastKnownFileType = sourcecode.swift; path = WebViewPresenterProtocol.swift; sourceTree = "<group>"; };
		93CFA7802A3B61C000506138 /* WebView.swift */ = {isa = PBXFileReference; lastKnownFileType = sourcecode.swift; path = WebView.swift; sourceTree = "<group>"; };
		93CFA7822A3B63B100506138 /* AuthConfiguration.swift */ = {isa = PBXFileReference; lastKnownFileType = sourcecode.swift; path = AuthConfiguration.swift; sourceTree = "<group>"; };
		93CFA7882A3B70C800506138 /* ImageFeedTests.xctest */ = {isa = PBXFileReference; explicitFileType = wrapper.cfbundle; includeInIndex = 0; path = ImageFeedTests.xctest; sourceTree = BUILT_PRODUCTS_DIR; };
		93CFA78A2A3B70C800506138 /* WebViewTests.swift */ = {isa = PBXFileReference; lastKnownFileType = sourcecode.swift; path = WebViewTests.swift; sourceTree = "<group>"; };
		93CFA7922A3B750100506138 /* WebViewPresenterSpy.swift */ = {isa = PBXFileReference; lastKnownFileType = sourcecode.swift; path = WebViewPresenterSpy.swift; sourceTree = "<group>"; };
		93CFA7942A3B907500506138 /* WebViewViewControllerSpy.swift */ = {isa = PBXFileReference; lastKnownFileType = sourcecode.swift; path = WebViewViewControllerSpy.swift; sourceTree = "<group>"; };
		93CFA79B2A3BA34A00506138 /* ImageFeedUITests.xctest */ = {isa = PBXFileReference; explicitFileType = wrapper.cfbundle; includeInIndex = 0; path = ImageFeedUITests.xctest; sourceTree = BUILT_PRODUCTS_DIR; };
		93CFA7AD2A3BA54D00506138 /* ImageFeedUITests.swift */ = {isa = PBXFileReference; lastKnownFileType = sourcecode.swift; path = ImageFeedUITests.swift; sourceTree = "<group>"; };
		93CFA7B72A3BAB6200506138 /* ImagesListServiceProtocol.swift */ = {isa = PBXFileReference; lastKnownFileType = sourcecode.swift; path = ImagesListServiceProtocol.swift; sourceTree = "<group>"; };
		93CFA7B92A3BAD1100506138 /* ProfileView.swift */ = {isa = PBXFileReference; lastKnownFileType = sourcecode.swift; path = ProfileView.swift; sourceTree = "<group>"; };
		93CFA7BB2A3BADE900506138 /* ProfileViewPresenter.swift */ = {isa = PBXFileReference; lastKnownFileType = sourcecode.swift; path = ProfileViewPresenter.swift; sourceTree = "<group>"; };
		93CFA7BE2A3BAE4500506138 /* ProfileViewControllerProtocol.swift */ = {isa = PBXFileReference; lastKnownFileType = sourcecode.swift; path = ProfileViewControllerProtocol.swift; sourceTree = "<group>"; };
		93CFA7C02A3BAE7000506138 /* ProfileViewPresenterProtocol.swift */ = {isa = PBXFileReference; lastKnownFileType = sourcecode.swift; path = ProfileViewPresenterProtocol.swift; sourceTree = "<group>"; };
		93CFA7C22A3BAE9300506138 /* SplashWiew.swift */ = {isa = PBXFileReference; lastKnownFileType = sourcecode.swift; path = SplashWiew.swift; sourceTree = "<group>"; };
		93CFA7C42A3BB01700506138 /* ImageListPresenter.swift */ = {isa = PBXFileReference; lastKnownFileType = sourcecode.swift; path = ImageListPresenter.swift; sourceTree = "<group>"; };
		93CFA7C72A3BB05300506138 /* ImagesListViewControllerProtocol.swift */ = {isa = PBXFileReference; lastKnownFileType = sourcecode.swift; path = ImagesListViewControllerProtocol.swift; sourceTree = "<group>"; };
		93CFA7C92A3BB07200506138 /* ImagesListPresenterProtocol.swift */ = {isa = PBXFileReference; lastKnownFileType = sourcecode.swift; path = ImagesListPresenterProtocol.swift; sourceTree = "<group>"; };
		93CFA7D22A3BB3B500506138 /* ImageListViewTests.swift */ = {isa = PBXFileReference; lastKnownFileType = sourcecode.swift; path = ImageListViewTests.swift; sourceTree = "<group>"; };
		93CFA7E32A3BB45C00506138 /* ProfileViewTests.swift */ = {isa = PBXFileReference; lastKnownFileType = sourcecode.swift; path = ProfileViewTests.swift; sourceTree = "<group>"; };
		93CFA7EA2A3BB49600506138 /* ProfileViewControllerSpy.swift */ = {isa = PBXFileReference; lastKnownFileType = sourcecode.swift; path = ProfileViewControllerSpy.swift; sourceTree = "<group>"; };
		93CFA7EC2A3BB4BA00506138 /* ProfileViewPresenterSpy.swift */ = {isa = PBXFileReference; lastKnownFileType = sourcecode.swift; path = ProfileViewPresenterSpy.swift; sourceTree = "<group>"; };
		93CFA7EF2A3BB4F900506138 /* ProfileImageServiceStub.swift */ = {isa = PBXFileReference; lastKnownFileType = sourcecode.swift; path = ProfileImageServiceStub.swift; sourceTree = "<group>"; };
		93CFA7F12A3BB6C100506138 /* ProfileImageServiceProtocol.swift */ = {isa = PBXFileReference; lastKnownFileType = sourcecode.swift; path = ProfileImageServiceProtocol.swift; sourceTree = "<group>"; };
		93CFA7F32A3BB70E00506138 /* ProfileServiceProtocol.swift */ = {isa = PBXFileReference; lastKnownFileType = sourcecode.swift; path = ProfileServiceProtocol.swift; sourceTree = "<group>"; };
		93CFA7F92A3BBA1D00506138 /* ImagesListViewControllerSpy.swift */ = {isa = PBXFileReference; lastKnownFileType = sourcecode.swift; path = ImagesListViewControllerSpy.swift; sourceTree = "<group>"; };
		93CFA7FB2A3BBA5800506138 /* ImagesListViewPresenterSpy.swift */ = {isa = PBXFileReference; lastKnownFileType = sourcecode.swift; path = ImagesListViewPresenterSpy.swift; sourceTree = "<group>"; };
/* End PBXFileReference section */

/* Begin PBXFrameworksBuildPhase section */
		93311D4B29A551C000168151 /* Frameworks */ = {
			isa = PBXFrameworksBuildPhase;
			buildActionMask = 2147483647;
			files = (
				933FA54E2A38DD7900376D7D /* Kingfisher in Frameworks */,
				933FA5592A3935A500376D7D /* SnapKit in Frameworks */,
				933FA5442A31FE0700376D7D /* ProgressHUD in Frameworks */,
				933FA5512A392AAA00376D7D /* SwiftKeychainWrapper in Frameworks */,
			);
			runOnlyForDeploymentPostprocessing = 0;
		};
		93CFA7852A3B70C800506138 /* Frameworks */ = {
			isa = PBXFrameworksBuildPhase;
			buildActionMask = 2147483647;
			files = (
			);
			runOnlyForDeploymentPostprocessing = 0;
		};
		93CFA7982A3BA34A00506138 /* Frameworks */ = {
			isa = PBXFrameworksBuildPhase;
			buildActionMask = 2147483647;
			files = (
			);
			runOnlyForDeploymentPostprocessing = 0;
		};
/* End PBXFrameworksBuildPhase section */

/* Begin PBXGroup section */
		93175B352A2E998900C8B635 /* Delegates */ = {
			isa = PBXGroup;
			children = (
				93175B382A2E9C8500C8B635 /* AuthViewControllerDelegate.swift */,
				93175B362A2E99B800C8B635 /* WebViewControllerDelegate.swift */,
			);
			path = Delegates;
			sourceTree = "<group>";
		};
		93175B4A2A2FDAC400C8B635 /* Protocols */ = {
			isa = PBXGroup;
			children = (
				93CFA7792A3B612600506138 /* AuthHelperProtocol.swift */,
				93175B4B2A2FDAE900C8B635 /* OAuth2ServiceProtocol.swift */,
				93CFA77C2A3B615600506138 /* WebViewViewControllerProtocol.swift */,
				93CFA77E2A3B617800506138 /* WebViewPresenterProtocol.swift */,
			);
			path = Protocols;
			sourceTree = "<group>";
		};
		93175B4D2A2FDB0100C8B635 /* Models */ = {
			isa = PBXGroup;
			children = (
				93CFA7822A3B63B100506138 /* AuthConfiguration.swift */,
				93175B4E2A2FDB2200C8B635 /* OAuthTokenResponseBody.swift */,
				933FA5522A392B6900376D7D /* OAuth2TokenStorage.swift */,
				933FA56B2A3A78D800376D7D /* Photo.swift */,
				933FA5702A3A911400376D7D /* PhotoLike.swift */,
				933FA5692A3A789900376D7D /* PhotoResult.swift */,
				933FA55A2A3937CD00376D7D /* Profile.swift */,
				933FA55E2A3938BD00376D7D /* ProfileImage.swift */,
				933FA55C2A39380700376D7D /* ProfileResult.swift */,
			);
			path = Models;
			sourceTree = "<group>";
		};
		93175B502A2FDB4B00C8B635 /* Services */ = {
			isa = PBXGroup;
			children = (
				93175B512A2FDB7400C8B635 /* OAuth2Service.swift */,
				933FA5482A38D17300376D7D /* ProfileService.swift */,
				933FA54A2A38D33C00376D7D /* ProfileImageService.swift */,
				933FA5672A3A1A7F00376D7D /* ImageListService.swift */,
				93CFA7B72A3BAB6200506138 /* ImagesListServiceProtocol.swift */,
				93CFA7B62A3BAB2900506138 /* ProfileServiceProtocols */,
			);
			path = Services;
			sourceTree = "<group>";
		};
		93175B572A2FDC1C00C8B635 /* SplashViewController */ = {
			isa = PBXGroup;
			children = (
				93175B582A2FDC4900C8B635 /* SplashViewController.swift */,
				93CFA7C22A3BAE9300506138 /* SplashWiew.swift */,
			);
			path = SplashViewController;
			sourceTree = "<group>";
		};
		93311D4529A551C000168151 = {
			isa = PBXGroup;
			children = (
				93311D5029A551C000168151 /* ImageFeed */,
				93CFA7892A3B70C800506138 /* ImageFeedTests */,
				93CFA7AC2A3BA54D00506138 /* ImageFeedUITests */,
				93311D4F29A551C000168151 /* Products */,
			);
			sourceTree = "<group>";
		};
		93311D4F29A551C000168151 /* Products */ = {
			isa = PBXGroup;
			children = (
				93311D4E29A551C000168151 /* ImageFeed.app */,
				93CFA7882A3B70C800506138 /* ImageFeedTests.xctest */,
				93CFA79B2A3BA34A00506138 /* ImageFeedUITests.xctest */,
			);
			name = Products;
			sourceTree = "<group>";
		};
		93311D5029A551C000168151 /* ImageFeed */ = {
			isa = PBXGroup;
			children = (
				93311D5129A551C000168151 /* AppDelegate.swift */,
				93311D5329A551C000168151 /* SceneDelegate.swift */,
				934D919C2A2D829B00C71831 /* Auth */,
				93175B4D2A2FDB0100C8B635 /* Models */,
				93175B502A2FDB4B00C8B635 /* Services */,
				936E800B29CE3F0600ACBFAD /* Profile */,
				93175B572A2FDC1C00C8B635 /* SplashViewController */,
				933FA5542A392CA600376D7D /* TabBarController */,
				936FA94829C2859800DC9705 /* ImageList */,
				93A1073529F2BEFC00D21668 /* SingleImageView */,
				93C529D32A3AA896004A272B /* Resources */,
				936CB3A329B96E1D000CD56F /* Helpers */,
				93311D5F29A551C100168151 /* Info.plist */,
			);
			path = ImageFeed;
			sourceTree = "<group>";
		};
		933FA5542A392CA600376D7D /* TabBarController */ = {
			isa = PBXGroup;
			children = (
				933FA5552A392CD600376D7D /* TabBarController.swift */,
			);
			path = TabBarController;
			sourceTree = "<group>";
		};
		933FA5622A393ED400376D7D /* Fonts */ = {
			isa = PBXGroup;
			children = (
				933FA5632A393F0500376D7D /* SF-Pro.ttf */,
			);
			path = Fonts;
			sourceTree = "<group>";
		};
		933FA5722A3A966400376D7D /* Delegates */ = {
			isa = PBXGroup;
			children = (
				933FA5732A3A969700376D7D /* ImagesListCellDelegate.swift */,
			);
			path = Delegates;
			sourceTree = "<group>";
		};
		934D919C2A2D829B00C71831 /* Auth */ = {
			isa = PBXGroup;
			children = (
				93CFA7772A3B60C900506138 /* AuthHelper.swift */,
				934D919A2A2D826700C71831 /* AuthViewController.swift */,
				93CFA7802A3B61C000506138 /* WebView.swift */,
				93CFA7752A3B609700506138 /* WebViewPresenter.swift */,
				934D919D2A2D8CCF00C71831 /* WebViewViewController.swift */,
				93175B352A2E998900C8B635 /* Delegates */,
				93175B4A2A2FDAC400C8B635 /* Protocols */,
			);
			path = Auth;
			sourceTree = "<group>";
		};
		936CB3A329B96E1D000CD56F /* Helpers */ = {
			isa = PBXGroup;
			children = (
				933FA5772A3A991600376D7D /* Array+Extensions.swift */,
				93175B5A2A2FDC9D00C8B635 /* Date+Extensions.swift */,
				936CB3A429B96E56000CD56F /* UIColor+Extensions.swift */,
				933FA5602A393A1700376D7D /* URL+Extensions.swift */,
				933FA5462A38CF1B00376D7D /* UIBlockingProgressHUD.swift */,
			);
			path = Helpers;
			sourceTree = "<group>";
		};
		936E800B29CE3F0600ACBFAD /* Profile */ = {
			isa = PBXGroup;
			children = (
				93CFA7B92A3BAD1100506138 /* ProfileView.swift */,
				936E800C29CE3F3D00ACBFAD /* ProfileViewController.swift */,
				93CFA7BB2A3BADE900506138 /* ProfileViewPresenter.swift */,
				93CFA7BD2A3BAE1400506138 /* Protocols */,
			);
			path = Profile;
			sourceTree = "<group>";
		};
		936FA94829C2859800DC9705 /* ImageList */ = {
			isa = PBXGroup;
			children = (
				936FA94629C284B300DC9705 /* ImagesListCell.swift */,
				93311D5529A551C000168151 /* ImagesListViewController.swift */,
				93CFA7C42A3BB01700506138 /* ImageListPresenter.swift */,
				93CFA7C62A3BB02E00506138 /* Protocols */,
				933FA5722A3A966400376D7D /* Delegates */,
			);
			path = ImageList;
			sourceTree = "<group>";
		};
		93A1073529F2BEFC00D21668 /* SingleImageView */ = {
			isa = PBXGroup;
			children = (
				93A1073329F2ABD000D21668 /* SingleImageViewController.swift */,
			);
			path = SingleImageView;
			sourceTree = "<group>";
		};
		93C529D32A3AA896004A272B /* Resources */ = {
			isa = PBXGroup;
			children = (
				934D91982A2D5AD600C71831 /* Constants.swift */,
				93175B552A2FDBB700C8B635 /* Errors.swift */,
				933FA57A2A3A9EE200376D7D /* Resources.swift */,
				93311D5A29A551C100168151 /* Assets.xcassets */,
				9315917029CBD2C700EDA3B8 /* LaunchScreen.storyboard */,
				933FA5652A3942F900376D7D /* Main.storyboard */,
				933FA5622A393ED400376D7D /* Fonts */,
			);
			path = Resources;
			sourceTree = "<group>";
		};
		93CFA7892A3B70C800506138 /* ImageFeedTests */ = {
			isa = PBXGroup;
			children = (
				93CFA7D12A3BB3B500506138 /* ImageListViewTests */,
				93CFA7E22A3BB45C00506138 /* ProfileViewTests */,
				93CFA7912A3B710A00506138 /* WevViewTests */,
			);
			path = ImageFeedTests;
			sourceTree = "<group>";
		};
		93CFA7912A3B710A00506138 /* WevViewTests */ = {
			isa = PBXGroup;
			children = (
				93CFA78A2A3B70C800506138 /* WebViewTests.swift */,
				93CFA7922A3B750100506138 /* WebViewPresenterSpy.swift */,
				93CFA7942A3B907500506138 /* WebViewViewControllerSpy.swift */,
			);
			path = WevViewTests;
			sourceTree = "<group>";
		};
		93CFA7AC2A3BA54D00506138 /* ImageFeedUITests */ = {
			isa = PBXGroup;
			children = (
				93CFA7AD2A3BA54D00506138 /* ImageFeedUITests.swift */,
			);
			path = ImageFeedUITests;
			sourceTree = "<group>";
		};
		93CFA7B62A3BAB2900506138 /* ProfileServiceProtocols */ = {
			isa = PBXGroup;
			children = (
				93CFA7F12A3BB6C100506138 /* ProfileImageServiceProtocol.swift */,
				93CFA7F32A3BB70E00506138 /* ProfileServiceProtocol.swift */,
			);
			path = ProfileServiceProtocols;
			sourceTree = "<group>";
		};
		93CFA7BD2A3BAE1400506138 /* Protocols */ = {
			isa = PBXGroup;
			children = (
				93CFA7BE2A3BAE4500506138 /* ProfileViewControllerProtocol.swift */,
				93CFA7C02A3BAE7000506138 /* ProfileViewPresenterProtocol.swift */,
			);
			path = Protocols;
			sourceTree = "<group>";
		};
		93CFA7C62A3BB02E00506138 /* Protocols */ = {
			isa = PBXGroup;
			children = (
				93CFA7C72A3BB05300506138 /* ImagesListViewControllerProtocol.swift */,
				93CFA7C92A3BB07200506138 /* ImagesListPresenterProtocol.swift */,
			);
			path = Protocols;
			sourceTree = "<group>";
		};
		93CFA7D12A3BB3B500506138 /* ImageListViewTests */ = {
			isa = PBXGroup;
			children = (
				93CFA7D22A3BB3B500506138 /* ImageListViewTests.swift */,
				93CFA7F92A3BBA1D00506138 /* ImagesListViewControllerSpy.swift */,
				93CFA7FB2A3BBA5800506138 /* ImagesListViewPresenterSpy.swift */,
			);
			path = ImageListViewTests;
			sourceTree = "<group>";
		};
		93CFA7E22A3BB45C00506138 /* ProfileViewTests */ = {
			isa = PBXGroup;
			children = (
				93CFA7E32A3BB45C00506138 /* ProfileViewTests.swift */,
				93CFA7EA2A3BB49600506138 /* ProfileViewControllerSpy.swift */,
				93CFA7EC2A3BB4BA00506138 /* ProfileViewPresenterSpy.swift */,
				93CFA7EF2A3BB4F900506138 /* ProfileImageServiceStub.swift */,
			);
			path = ProfileViewTests;
			sourceTree = "<group>";
		};
/* End PBXGroup section */

/* Begin PBXNativeTarget section */
		93311D4D29A551C000168151 /* ImageFeed */ = {
			isa = PBXNativeTarget;
			buildConfigurationList = 93311D6229A551C100168151 /* Build configuration list for PBXNativeTarget "ImageFeed" */;
			buildPhases = (
				93311D4A29A551C000168151 /* Sources */,
				93311D4B29A551C000168151 /* Frameworks */,
				93311D4C29A551C000168151 /* Resources */,
			);
			buildRules = (
			);
			dependencies = (
			);
			name = ImageFeed;
			packageProductDependencies = (
				933FA5432A31FE0700376D7D /* ProgressHUD */,
				933FA54D2A38DD7900376D7D /* Kingfisher */,
				933FA5502A392AAA00376D7D /* SwiftKeychainWrapper */,
				933FA5582A3935A500376D7D /* SnapKit */,
			);
			productName = ImageFeed;
			productReference = 93311D4E29A551C000168151 /* ImageFeed.app */;
			productType = "com.apple.product-type.application";
		};
		93CFA7872A3B70C800506138 /* ImageFeedTests */ = {
			isa = PBXNativeTarget;
			buildConfigurationList = 93CFA78E2A3B70C800506138 /* Build configuration list for PBXNativeTarget "ImageFeedTests" */;
			buildPhases = (
				93CFA7842A3B70C800506138 /* Sources */,
				93CFA7852A3B70C800506138 /* Frameworks */,
				93CFA7862A3B70C800506138 /* Resources */,
			);
			buildRules = (
			);
			dependencies = (
				93CFA78D2A3B70C800506138 /* PBXTargetDependency */,
			);
			name = ImageFeedTests;
			productName = ImageFeedTests;
			productReference = 93CFA7882A3B70C800506138 /* ImageFeedTests.xctest */;
			productType = "com.apple.product-type.bundle.unit-test";
		};
		93CFA79A2A3BA34A00506138 /* ImageFeedUITests */ = {
			isa = PBXNativeTarget;
			buildConfigurationList = 93CFA7A32A3BA34A00506138 /* Build configuration list for PBXNativeTarget "ImageFeedUITests" */;
			buildPhases = (
				93CFA7972A3BA34A00506138 /* Sources */,
				93CFA7982A3BA34A00506138 /* Frameworks */,
				93CFA7992A3BA34A00506138 /* Resources */,
			);
			buildRules = (
			);
			dependencies = (
				93CFA7A22A3BA34A00506138 /* PBXTargetDependency */,
			);
			name = ImageFeedUITests;
			productName = ImageFeedUITests;
			productReference = 93CFA79B2A3BA34A00506138 /* ImageFeedUITests.xctest */;
			productType = "com.apple.product-type.bundle.ui-testing";
		};
/* End PBXNativeTarget section */

/* Begin PBXProject section */
		93311D4629A551C000168151 /* Project object */ = {
			isa = PBXProject;
			attributes = {
				BuildIndependentTargetsInParallel = 1;
				LastSwiftUpdateCheck = 1400;
				LastUpgradeCheck = 1400;
				TargetAttributes = {
					93311D4D29A551C000168151 = {
						CreatedOnToolsVersion = 14.0.1;
					};
					93CFA7872A3B70C800506138 = {
						CreatedOnToolsVersion = 14.0.1;
						TestTargetID = 93311D4D29A551C000168151;
					};
					93CFA79A2A3BA34A00506138 = {
						CreatedOnToolsVersion = 14.0.1;
						TestTargetID = 93311D4D29A551C000168151;
					};
				};
			};
			buildConfigurationList = 93311D4929A551C000168151 /* Build configuration list for PBXProject "ImageFeed" */;
			compatibilityVersion = "Xcode 14.0";
			developmentRegion = en;
			hasScannedForEncodings = 0;
			knownRegions = (
				en,
				Base,
			);
			mainGroup = 93311D4529A551C000168151;
			packageReferences = (
				933FA5422A31FE0700376D7D /* XCRemoteSwiftPackageReference "ProgressHUD" */,
				933FA54C2A38DD7900376D7D /* XCRemoteSwiftPackageReference "Kingfisher" */,
				933FA54F2A392AAA00376D7D /* XCRemoteSwiftPackageReference "SwiftKeychainWrapper" */,
				933FA5572A3935A500376D7D /* XCRemoteSwiftPackageReference "SnapKit" */,
			);
			productRefGroup = 93311D4F29A551C000168151 /* Products */;
			projectDirPath = "";
			projectRoot = "";
			targets = (
				93311D4D29A551C000168151 /* ImageFeed */,
				93CFA7872A3B70C800506138 /* ImageFeedTests */,
				93CFA79A2A3BA34A00506138 /* ImageFeedUITests */,
			);
		};
/* End PBXProject section */

/* Begin PBXResourcesBuildPhase section */
		93311D4C29A551C000168151 /* Resources */ = {
			isa = PBXResourcesBuildPhase;
			buildActionMask = 2147483647;
			files = (
				9315917129CBD2C700EDA3B8 /* LaunchScreen.storyboard in Resources */,
				933FA5642A393F0500376D7D /* SF-Pro.ttf in Resources */,
				93311D5B29A551C100168151 /* Assets.xcassets in Resources */,
				933FA5662A3942F900376D7D /* Main.storyboard in Resources */,
			);
			runOnlyForDeploymentPostprocessing = 0;
		};
		93CFA7862A3B70C800506138 /* Resources */ = {
			isa = PBXResourcesBuildPhase;
			buildActionMask = 2147483647;
			files = (
			);
			runOnlyForDeploymentPostprocessing = 0;
		};
		93CFA7992A3BA34A00506138 /* Resources */ = {
			isa = PBXResourcesBuildPhase;
			buildActionMask = 2147483647;
			files = (
			);
			runOnlyForDeploymentPostprocessing = 0;
		};
/* End PBXResourcesBuildPhase section */

/* Begin PBXSourcesBuildPhase section */
		93311D4A29A551C000168151 /* Sources */ = {
			isa = PBXSourcesBuildPhase;
			buildActionMask = 2147483647;
			files = (
				934D919E2A2D8CCF00C71831 /* WebViewViewController.swift in Sources */,
				93CFA7812A3B61C000506138 /* WebView.swift in Sources */,
				933FA55B2A3937CD00376D7D /* Profile.swift in Sources */,
				93311D5629A551C000168151 /* ImagesListViewController.swift in Sources */,
				933FA55F2A3938BD00376D7D /* ProfileImage.swift in Sources */,
				93CFA7C12A3BAE7000506138 /* ProfileViewPresenterProtocol.swift in Sources */,
				933FA5742A3A969700376D7D /* ImagesListCellDelegate.swift in Sources */,
				93CFA7BF2A3BAE4500506138 /* ProfileViewControllerProtocol.swift in Sources */,
				93311D5229A551C000168151 /* AppDelegate.swift in Sources */,
				933FA5472A38CF1B00376D7D /* UIBlockingProgressHUD.swift in Sources */,
				93CFA7CA2A3BB07200506138 /* ImagesListPresenterProtocol.swift in Sources */,
				933FA5532A392B6900376D7D /* OAuth2TokenStorage.swift in Sources */,
				93175B592A2FDC4900C8B635 /* SplashViewController.swift in Sources */,
				933FA5562A392CD600376D7D /* TabBarController.swift in Sources */,
				933FA5682A3A1A7F00376D7D /* ImageListService.swift in Sources */,
				93CFA7F42A3BB70E00506138 /* ProfileServiceProtocol.swift in Sources */,
				933FA55D2A39380700376D7D /* ProfileResult.swift in Sources */,
				93CFA7BC2A3BADE900506138 /* ProfileViewPresenter.swift in Sources */,
				93CFA7BA2A3BAD1100506138 /* ProfileView.swift in Sources */,
				93175B372A2E99B800C8B635 /* WebViewControllerDelegate.swift in Sources */,
				933FA54B2A38D33C00376D7D /* ProfileImageService.swift in Sources */,
				936E800D29CE3F3D00ACBFAD /* ProfileViewController.swift in Sources */,
				93A1073429F2ABD000D21668 /* SingleImageViewController.swift in Sources */,
				93CFA7C82A3BB05300506138 /* ImagesListViewControllerProtocol.swift in Sources */,
				93175B4C2A2FDAE900C8B635 /* OAuth2ServiceProtocol.swift in Sources */,
				93CFA7C32A3BAE9300506138 /* SplashWiew.swift in Sources */,
				93CFA7782A3B60C900506138 /* AuthHelper.swift in Sources */,
				933FA56A2A3A789900376D7D /* PhotoResult.swift in Sources */,
				93175B392A2E9C8500C8B635 /* AuthViewControllerDelegate.swift in Sources */,
				93CFA7C52A3BB01700506138 /* ImageListPresenter.swift in Sources */,
				933FA5612A393A1700376D7D /* URL+Extensions.swift in Sources */,
				93CFA77F2A3B617800506138 /* WebViewPresenterProtocol.swift in Sources */,
				93CFA7832A3B63B100506138 /* AuthConfiguration.swift in Sources */,
				93175B5B2A2FDC9D00C8B635 /* Date+Extensions.swift in Sources */,
				93CFA7B82A3BAB6200506138 /* ImagesListServiceProtocol.swift in Sources */,
				93CFA77D2A3B615600506138 /* WebViewViewControllerProtocol.swift in Sources */,
				93175B522A2FDB7400C8B635 /* OAuth2Service.swift in Sources */,
				936FA94729C284B300DC9705 /* ImagesListCell.swift in Sources */,
				933FA57B2A3A9EE200376D7D /* Resources.swift in Sources */,
				93311D5429A551C000168151 /* SceneDelegate.swift in Sources */,
				93CFA7F22A3BB6C100506138 /* ProfileImageServiceProtocol.swift in Sources */,
				933FA5782A3A991600376D7D /* Array+Extensions.swift in Sources */,
				93175B4F2A2FDB2200C8B635 /* OAuthTokenResponseBody.swift in Sources */,
				933FA56C2A3A78D800376D7D /* Photo.swift in Sources */,
				933FA5712A3A911400376D7D /* PhotoLike.swift in Sources */,
				93175B562A2FDBB700C8B635 /* Errors.swift in Sources */,
				93CFA77A2A3B612600506138 /* AuthHelperProtocol.swift in Sources */,
				93CFA7762A3B609700506138 /* WebViewPresenter.swift in Sources */,
				936CB3A529B96E56000CD56F /* UIColor+Extensions.swift in Sources */,
				934D919B2A2D826700C71831 /* AuthViewController.swift in Sources */,
				934D91992A2D5AD600C71831 /* Constants.swift in Sources */,
				933FA5492A38D17300376D7D /* ProfileService.swift in Sources */,
			);
			runOnlyForDeploymentPostprocessing = 0;
		};
		93CFA7842A3B70C800506138 /* Sources */ = {
			isa = PBXSourcesBuildPhase;
			buildActionMask = 2147483647;
			files = (
				93CFA7FD2A3BBA8E00506138 /* ImageListViewTests.swift in Sources */,
				93CFA7FE2A3BBAB100506138 /* ImagesListViewControllerSpy.swift in Sources */,
				93CFA78B2A3B70C800506138 /* WebViewTests.swift in Sources */,
				93CFA7952A3B907500506138 /* WebViewViewControllerSpy.swift in Sources */,
				93CFA7F02A3BB4F900506138 /* ProfileImageServiceStub.swift in Sources */,
				93CFA7F52A3BB8C700506138 /* ProfileViewTests.swift in Sources */,
				93CFA7FC2A3BBA5800506138 /* ImagesListViewPresenterSpy.swift in Sources */,
				93CFA7932A3B750100506138 /* WebViewPresenterSpy.swift in Sources */,
				93CFA7ED2A3BB4BA00506138 /* ProfileViewPresenterSpy.swift in Sources */,
				93CFA7EB2A3BB49600506138 /* ProfileViewControllerSpy.swift in Sources */,
			);
			runOnlyForDeploymentPostprocessing = 0;
		};
		93CFA7972A3BA34A00506138 /* Sources */ = {
			isa = PBXSourcesBuildPhase;
			buildActionMask = 2147483647;
			files = (
				93CFA7F62A3BB8E400506138 /* ImageFeedUITests.swift in Sources */,
			);
			runOnlyForDeploymentPostprocessing = 0;
		};
/* End PBXSourcesBuildPhase section */

/* Begin PBXTargetDependency section */
		93CFA78D2A3B70C800506138 /* PBXTargetDependency */ = {
			isa = PBXTargetDependency;
			target = 93311D4D29A551C000168151 /* ImageFeed */;
			targetProxy = 93CFA78C2A3B70C800506138 /* PBXContainerItemProxy */;
		};
		93CFA7A22A3BA34A00506138 /* PBXTargetDependency */ = {
			isa = PBXTargetDependency;
			target = 93311D4D29A551C000168151 /* ImageFeed */;
			targetProxy = 93CFA7A12A3BA34A00506138 /* PBXContainerItemProxy */;
		};
/* End PBXTargetDependency section */

/* Begin XCBuildConfiguration section */
		93311D6029A551C100168151 /* Debug */ = {
			isa = XCBuildConfiguration;
			buildSettings = {
				ALWAYS_SEARCH_USER_PATHS = NO;
				CLANG_ANALYZER_NONNULL = YES;
				CLANG_ANALYZER_NUMBER_OBJECT_CONVERSION = YES_AGGRESSIVE;
				CLANG_CXX_LANGUAGE_STANDARD = "gnu++20";
				CLANG_ENABLE_MODULES = YES;
				CLANG_ENABLE_OBJC_ARC = YES;
				CLANG_ENABLE_OBJC_WEAK = YES;
				CLANG_WARN_BLOCK_CAPTURE_AUTORELEASING = YES;
				CLANG_WARN_BOOL_CONVERSION = YES;
				CLANG_WARN_COMMA = YES;
				CLANG_WARN_CONSTANT_CONVERSION = YES;
				CLANG_WARN_DEPRECATED_OBJC_IMPLEMENTATIONS = YES;
				CLANG_WARN_DIRECT_OBJC_ISA_USAGE = YES_ERROR;
				CLANG_WARN_DOCUMENTATION_COMMENTS = YES;
				CLANG_WARN_EMPTY_BODY = YES;
				CLANG_WARN_ENUM_CONVERSION = YES;
				CLANG_WARN_INFINITE_RECURSION = YES;
				CLANG_WARN_INT_CONVERSION = YES;
				CLANG_WARN_NON_LITERAL_NULL_CONVERSION = YES;
				CLANG_WARN_OBJC_IMPLICIT_RETAIN_SELF = YES;
				CLANG_WARN_OBJC_LITERAL_CONVERSION = YES;
				CLANG_WARN_OBJC_ROOT_CLASS = YES_ERROR;
				CLANG_WARN_QUOTED_INCLUDE_IN_FRAMEWORK_HEADER = YES;
				CLANG_WARN_RANGE_LOOP_ANALYSIS = YES;
				CLANG_WARN_STRICT_PROTOTYPES = YES;
				CLANG_WARN_SUSPICIOUS_MOVE = YES;
				CLANG_WARN_UNGUARDED_AVAILABILITY = YES_AGGRESSIVE;
				CLANG_WARN_UNREACHABLE_CODE = YES;
				CLANG_WARN__DUPLICATE_METHOD_MATCH = YES;
				COPY_PHASE_STRIP = NO;
				DEBUG_INFORMATION_FORMAT = dwarf;
				ENABLE_STRICT_OBJC_MSGSEND = YES;
				ENABLE_TESTABILITY = YES;
				GCC_C_LANGUAGE_STANDARD = gnu11;
				GCC_DYNAMIC_NO_PIC = NO;
				GCC_NO_COMMON_BLOCKS = YES;
				GCC_OPTIMIZATION_LEVEL = 0;
				GCC_PREPROCESSOR_DEFINITIONS = (
					"DEBUG=1",
					"$(inherited)",
				);
				GCC_WARN_64_TO_32_BIT_CONVERSION = YES;
				GCC_WARN_ABOUT_RETURN_TYPE = YES_ERROR;
				GCC_WARN_UNDECLARED_SELECTOR = YES;
				GCC_WARN_UNINITIALIZED_AUTOS = YES_AGGRESSIVE;
				GCC_WARN_UNUSED_FUNCTION = YES;
				GCC_WARN_UNUSED_VARIABLE = YES;
				IPHONEOS_DEPLOYMENT_TARGET = 13.0;
				MTL_ENABLE_DEBUG_INFO = INCLUDE_SOURCE;
				MTL_FAST_MATH = YES;
				ONLY_ACTIVE_ARCH = YES;
				SDKROOT = iphoneos;
				SWIFT_ACTIVE_COMPILATION_CONDITIONS = DEBUG;
				SWIFT_OPTIMIZATION_LEVEL = "-Onone";
			};
			name = Debug;
		};
		93311D6129A551C100168151 /* Release */ = {
			isa = XCBuildConfiguration;
			buildSettings = {
				ALWAYS_SEARCH_USER_PATHS = NO;
				CLANG_ANALYZER_NONNULL = YES;
				CLANG_ANALYZER_NUMBER_OBJECT_CONVERSION = YES_AGGRESSIVE;
				CLANG_CXX_LANGUAGE_STANDARD = "gnu++20";
				CLANG_ENABLE_MODULES = YES;
				CLANG_ENABLE_OBJC_ARC = YES;
				CLANG_ENABLE_OBJC_WEAK = YES;
				CLANG_WARN_BLOCK_CAPTURE_AUTORELEASING = YES;
				CLANG_WARN_BOOL_CONVERSION = YES;
				CLANG_WARN_COMMA = YES;
				CLANG_WARN_CONSTANT_CONVERSION = YES;
				CLANG_WARN_DEPRECATED_OBJC_IMPLEMENTATIONS = YES;
				CLANG_WARN_DIRECT_OBJC_ISA_USAGE = YES_ERROR;
				CLANG_WARN_DOCUMENTATION_COMMENTS = YES;
				CLANG_WARN_EMPTY_BODY = YES;
				CLANG_WARN_ENUM_CONVERSION = YES;
				CLANG_WARN_INFINITE_RECURSION = YES;
				CLANG_WARN_INT_CONVERSION = YES;
				CLANG_WARN_NON_LITERAL_NULL_CONVERSION = YES;
				CLANG_WARN_OBJC_IMPLICIT_RETAIN_SELF = YES;
				CLANG_WARN_OBJC_LITERAL_CONVERSION = YES;
				CLANG_WARN_OBJC_ROOT_CLASS = YES_ERROR;
				CLANG_WARN_QUOTED_INCLUDE_IN_FRAMEWORK_HEADER = YES;
				CLANG_WARN_RANGE_LOOP_ANALYSIS = YES;
				CLANG_WARN_STRICT_PROTOTYPES = YES;
				CLANG_WARN_SUSPICIOUS_MOVE = YES;
				CLANG_WARN_UNGUARDED_AVAILABILITY = YES_AGGRESSIVE;
				CLANG_WARN_UNREACHABLE_CODE = YES;
				CLANG_WARN__DUPLICATE_METHOD_MATCH = YES;
				COPY_PHASE_STRIP = NO;
				DEBUG_INFORMATION_FORMAT = "dwarf-with-dsym";
				ENABLE_NS_ASSERTIONS = NO;
				ENABLE_STRICT_OBJC_MSGSEND = YES;
				GCC_C_LANGUAGE_STANDARD = gnu11;
				GCC_NO_COMMON_BLOCKS = YES;
				GCC_WARN_64_TO_32_BIT_CONVERSION = YES;
				GCC_WARN_ABOUT_RETURN_TYPE = YES_ERROR;
				GCC_WARN_UNDECLARED_SELECTOR = YES;
				GCC_WARN_UNINITIALIZED_AUTOS = YES_AGGRESSIVE;
				GCC_WARN_UNUSED_FUNCTION = YES;
				GCC_WARN_UNUSED_VARIABLE = YES;
				IPHONEOS_DEPLOYMENT_TARGET = 13.0;
				MTL_ENABLE_DEBUG_INFO = NO;
				MTL_FAST_MATH = YES;
				SDKROOT = iphoneos;
				SWIFT_COMPILATION_MODE = wholemodule;
				SWIFT_OPTIMIZATION_LEVEL = "-O";
				VALIDATE_PRODUCT = YES;
			};
			name = Release;
		};
		93311D6329A551C100168151 /* Debug */ = {
			isa = XCBuildConfiguration;
			buildSettings = {
				ASSETCATALOG_COMPILER_APPICON_NAME = AppIcon;
				ASSETCATALOG_COMPILER_GLOBAL_ACCENT_COLOR_NAME = AccentColor;
				CODE_SIGN_STYLE = Automatic;
				CURRENT_PROJECT_VERSION = 1;
				DEVELOPMENT_TEAM = U67W572YNG;
				GENERATE_INFOPLIST_FILE = YES;
				INFOPLIST_FILE = ImageFeed/Info.plist;
				INFOPLIST_KEY_CFBundleDisplayName = ImageFeed;
				INFOPLIST_KEY_UIApplicationSupportsIndirectInputEvents = YES;
				INFOPLIST_KEY_UILaunchStoryboardName = LaunchScreen.storyboard;
				INFOPLIST_KEY_UIMainStoryboardFile = Main;
				INFOPLIST_KEY_UISupportedInterfaceOrientations_iPhone = UIInterfaceOrientationPortrait;
				IPHONEOS_DEPLOYMENT_TARGET = 13.0;
				LD_RUNPATH_SEARCH_PATHS = (
					"$(inherited)",
					"@executable_path/Frameworks",
				);
				MARKETING_VERSION = 1.0;
				PRODUCT_BUNDLE_IDENTIFIER = com.heyanja.ImageFeed;
				PRODUCT_NAME = "$(TARGET_NAME)";
				SUPPORTED_PLATFORMS = "iphoneos iphonesimulator";
				SUPPORTS_MACCATALYST = NO;
				SUPPORTS_MAC_DESIGNED_FOR_IPHONE_IPAD = NO;
				SWIFT_EMIT_LOC_STRINGS = YES;
				SWIFT_VERSION = 5.0;
				TARGETED_DEVICE_FAMILY = 1;
			};
			name = Debug;
		};
		93311D6429A551C100168151 /* Release */ = {
			isa = XCBuildConfiguration;
			buildSettings = {
				ASSETCATALOG_COMPILER_APPICON_NAME = AppIcon;
				ASSETCATALOG_COMPILER_GLOBAL_ACCENT_COLOR_NAME = AccentColor;
				CODE_SIGN_STYLE = Automatic;
				CURRENT_PROJECT_VERSION = 1;
				DEVELOPMENT_TEAM = U67W572YNG;
				GENERATE_INFOPLIST_FILE = YES;
				INFOPLIST_FILE = ImageFeed/Info.plist;
				INFOPLIST_KEY_CFBundleDisplayName = ImageFeed;
				INFOPLIST_KEY_UIApplicationSupportsIndirectInputEvents = YES;
				INFOPLIST_KEY_UILaunchStoryboardName = LaunchScreen.storyboard;
				INFOPLIST_KEY_UIMainStoryboardFile = Main;
				INFOPLIST_KEY_UISupportedInterfaceOrientations_iPhone = UIInterfaceOrientationPortrait;
				IPHONEOS_DEPLOYMENT_TARGET = 13.0;
				LD_RUNPATH_SEARCH_PATHS = (
					"$(inherited)",
					"@executable_path/Frameworks",
				);
				MARKETING_VERSION = 1.0;
				PRODUCT_BUNDLE_IDENTIFIER = com.heyanja.ImageFeed;
				PRODUCT_NAME = "$(TARGET_NAME)";
				SUPPORTED_PLATFORMS = "iphoneos iphonesimulator";
				SUPPORTS_MACCATALYST = NO;
				SUPPORTS_MAC_DESIGNED_FOR_IPHONE_IPAD = NO;
				SWIFT_EMIT_LOC_STRINGS = YES;
				SWIFT_VERSION = 5.0;
				TARGETED_DEVICE_FAMILY = 1;
			};
			name = Release;
		};
		93CFA78F2A3B70C800506138 /* Debug */ = {
			isa = XCBuildConfiguration;
			buildSettings = {
				BUNDLE_LOADER = "$(TEST_HOST)";
				CODE_SIGN_STYLE = Automatic;
				CURRENT_PROJECT_VERSION = 1;
				DEVELOPMENT_TEAM = U67W572YNG;
				GENERATE_INFOPLIST_FILE = YES;
				IPHONEOS_DEPLOYMENT_TARGET = 16.0;
				MARKETING_VERSION = 1.0;
				PRODUCT_BUNDLE_IDENTIFIER = com.heyanja.ImageFeed.ImageFeedTests;
				PRODUCT_NAME = "$(TARGET_NAME)";
				SWIFT_EMIT_LOC_STRINGS = NO;
				SWIFT_VERSION = 5.0;
				TARGETED_DEVICE_FAMILY = "1,2";
				TEST_HOST = "$(BUILT_PRODUCTS_DIR)/ImageFeed.app/$(BUNDLE_EXECUTABLE_FOLDER_PATH)/ImageFeed";
			};
			name = Debug;
		};
		93CFA7902A3B70C800506138 /* Release */ = {
			isa = XCBuildConfiguration;
			buildSettings = {
				BUNDLE_LOADER = "$(TEST_HOST)";
				CODE_SIGN_STYLE = Automatic;
				CURRENT_PROJECT_VERSION = 1;
				DEVELOPMENT_TEAM = U67W572YNG;
				GENERATE_INFOPLIST_FILE = YES;
				IPHONEOS_DEPLOYMENT_TARGET = 16.0;
				MARKETING_VERSION = 1.0;
				PRODUCT_BUNDLE_IDENTIFIER = com.heyanja.ImageFeed.ImageFeedTests;
				PRODUCT_NAME = "$(TARGET_NAME)";
				SWIFT_EMIT_LOC_STRINGS = NO;
				SWIFT_VERSION = 5.0;
				TARGETED_DEVICE_FAMILY = "1,2";
				TEST_HOST = "$(BUILT_PRODUCTS_DIR)/ImageFeed.app/$(BUNDLE_EXECUTABLE_FOLDER_PATH)/ImageFeed";
			};
			name = Release;
		};
		93CFA7A42A3BA34A00506138 /* Debug */ = {
			isa = XCBuildConfiguration;
			buildSettings = {
				CODE_SIGN_STYLE = Automatic;
				CURRENT_PROJECT_VERSION = 1;
				DEVELOPMENT_TEAM = U67W572YNG;
				GENERATE_INFOPLIST_FILE = YES;
				IPHONEOS_DEPLOYMENT_TARGET = 16.0;
				MARKETING_VERSION = 1.0;
				PRODUCT_BUNDLE_IDENTIFIER = com.heyanja.ImageFeed.ImageFeedUITests;
				PRODUCT_NAME = "$(TARGET_NAME)";
				SWIFT_EMIT_LOC_STRINGS = NO;
				SWIFT_VERSION = 5.0;
				TARGETED_DEVICE_FAMILY = "1,2";
				TEST_TARGET_NAME = ImageFeed;
			};
			name = Debug;
		};
		93CFA7A52A3BA34A00506138 /* Release */ = {
			isa = XCBuildConfiguration;
			buildSettings = {
				CODE_SIGN_STYLE = Automatic;
				CURRENT_PROJECT_VERSION = 1;
				DEVELOPMENT_TEAM = U67W572YNG;
				GENERATE_INFOPLIST_FILE = YES;
				IPHONEOS_DEPLOYMENT_TARGET = 16.0;
				MARKETING_VERSION = 1.0;
				PRODUCT_BUNDLE_IDENTIFIER = com.heyanja.ImageFeed.ImageFeedUITests;
				PRODUCT_NAME = "$(TARGET_NAME)";
				SWIFT_EMIT_LOC_STRINGS = NO;
				SWIFT_VERSION = 5.0;
				TARGETED_DEVICE_FAMILY = "1,2";
				TEST_TARGET_NAME = ImageFeed;
			};
			name = Release;
		};
/* End XCBuildConfiguration section */

/* Begin XCConfigurationList section */
		93311D4929A551C000168151 /* Build configuration list for PBXProject "ImageFeed" */ = {
			isa = XCConfigurationList;
			buildConfigurations = (
				93311D6029A551C100168151 /* Debug */,
				93311D6129A551C100168151 /* Release */,
			);
			defaultConfigurationIsVisible = 0;
			defaultConfigurationName = Release;
		};
		93311D6229A551C100168151 /* Build configuration list for PBXNativeTarget "ImageFeed" */ = {
			isa = XCConfigurationList;
			buildConfigurations = (
				93311D6329A551C100168151 /* Debug */,
				93311D6429A551C100168151 /* Release */,
			);
			defaultConfigurationIsVisible = 0;
			defaultConfigurationName = Release;
		};
		93CFA78E2A3B70C800506138 /* Build configuration list for PBXNativeTarget "ImageFeedTests" */ = {
			isa = XCConfigurationList;
			buildConfigurations = (
				93CFA78F2A3B70C800506138 /* Debug */,
				93CFA7902A3B70C800506138 /* Release */,
			);
			defaultConfigurationIsVisible = 0;
			defaultConfigurationName = Release;
		};
		93CFA7A32A3BA34A00506138 /* Build configuration list for PBXNativeTarget "ImageFeedUITests" */ = {
			isa = XCConfigurationList;
			buildConfigurations = (
				93CFA7A42A3BA34A00506138 /* Debug */,
				93CFA7A52A3BA34A00506138 /* Release */,
			);
			defaultConfigurationIsVisible = 0;
			defaultConfigurationName = Release;
		};
/* End XCConfigurationList section */

/* Begin XCRemoteSwiftPackageReference section */
		933FA5422A31FE0700376D7D /* XCRemoteSwiftPackageReference "ProgressHUD" */ = {
			isa = XCRemoteSwiftPackageReference;
			repositoryURL = "https://github.com/relatedcode/ProgressHUD";
			requirement = {
				kind = exactVersion;
				version = 13.6.2;
			};
		};
		933FA54C2A38DD7900376D7D /* XCRemoteSwiftPackageReference "Kingfisher" */ = {
			isa = XCRemoteSwiftPackageReference;
			repositoryURL = "https://github.com/onevcat/Kingfisher.git";
			requirement = {
				kind = exactVersion;
				version = 7.6.2;
			};
		};
		933FA54F2A392AAA00376D7D /* XCRemoteSwiftPackageReference "SwiftKeychainWrapper" */ = {
			isa = XCRemoteSwiftPackageReference;
			repositoryURL = "https://github.com/jrendel/SwiftKeychainWrapper";
			requirement = {
				kind = exactVersion;
				version = 4.0.1;
			};
		};
		933FA5572A3935A500376D7D /* XCRemoteSwiftPackageReference "SnapKit" */ = {
			isa = XCRemoteSwiftPackageReference;
			repositoryURL = "https://github.com/SnapKit/SnapKit.git";
			requirement = {
				kind = exactVersion;
				version = 5.6.0;
			};
		};
/* End XCRemoteSwiftPackageReference section */

/* Begin XCSwiftPackageProductDependency section */
		933FA5432A31FE0700376D7D /* ProgressHUD */ = {
			isa = XCSwiftPackageProductDependency;
			package = 933FA5422A31FE0700376D7D /* XCRemoteSwiftPackageReference "ProgressHUD" */;
			productName = ProgressHUD;
		};
		933FA54D2A38DD7900376D7D /* Kingfisher */ = {
			isa = XCSwiftPackageProductDependency;
			package = 933FA54C2A38DD7900376D7D /* XCRemoteSwiftPackageReference "Kingfisher" */;
			productName = Kingfisher;
		};
		933FA5502A392AAA00376D7D /* SwiftKeychainWrapper */ = {
			isa = XCSwiftPackageProductDependency;
			package = 933FA54F2A392AAA00376D7D /* XCRemoteSwiftPackageReference "SwiftKeychainWrapper" */;
			productName = SwiftKeychainWrapper;
		};
		933FA5582A3935A500376D7D /* SnapKit */ = {
			isa = XCSwiftPackageProductDependency;
			package = 933FA5572A3935A500376D7D /* XCRemoteSwiftPackageReference "SnapKit" */;
			productName = SnapKit;
		};
/* End XCSwiftPackageProductDependency section */
	};
	rootObject = 93311D4629A551C000168151 /* Project object */;
}
